PODS:
  - Cuckoo (1.10.3):
    - Cuckoo/Swift (= 1.10.3)
  - Cuckoo/Swift (1.10.3)
  - SoraFoundation (1.0.0):
    - SoraFoundation/DateProcessing (= 1.0.0)
    - SoraFoundation/Localization (= 1.0.0)
    - SoraFoundation/NotificationHandlers (= 1.0.0)
    - SoraFoundation/NumberProcessing (= 1.0.0)
    - SoraFoundation/QueryProcessing (= 1.0.0)
    - SoraFoundation/Timer (= 1.0.0)
    - SoraFoundation/ViewModel (= 1.0.0)
  - SoraFoundation/DateProcessing (1.0.0):
    - SoraFoundation/Localization
  - SoraFoundation/Localization (1.0.0):
    - SoraKeystore (~> 1.0.0)
  - SoraFoundation/NotificationHandlers (1.0.0)
  - SoraFoundation/NumberProcessing (1.0.0)
  - SoraFoundation/QueryProcessing (1.0.0)
  - SoraFoundation/Timer (1.0.0):
    - SoraFoundation/NotificationHandlers
  - SoraFoundation/ViewModel (1.0.0)
  - SoraKeystore (1.0.0)

DEPENDENCIES:
  - Cuckoo
  - SoraFoundation (from `../`)

SPEC REPOS:
  trunk:
    - Cuckoo
    - SoraKeystore

EXTERNAL SOURCES:
  SoraFoundation:
    :path: "../"

SPEC CHECKSUMS:
  Cuckoo: 930598bd4ae95860c658b3eea30903d946ebef36
  SoraFoundation: 988d90ee3159311b02e42aeba0cf7e85d8bc724c
  SoraKeystore: 92cff6e2a12f212dd64ed089970ff7c365247b1c

PODFILE CHECKSUM: 0d0d46e5e4f46095c4daf79eb6426cce84b2ebdc

COCOAPODS: 1.12.1
